{
    "_meta": {
        "hash": {
            "sha256": "863c799020f9f532119ef6c22f2477dc051b31f73b4e6546443b98ef576d64f7"
        },
        "pipfile-spec": 6,
        "requires": {
            "python_version": "3.13"
        },
        "sources": [
            {
                "name": "pypi",
                "url": "https://pypi.org/simple",
                "verify_ssl": true
            }
        ]
    },
    "default": {
        "altgraph": {
            "hashes": [
                "sha256:1b5afbb98f6c4dcadb2e2ae6ab9fa994bbb8c1d75f4fa96d340f9437ae454406",
                "sha256:642743b4750de17e655e6711601b077bc6598dbfa3ba5fa2b2a35ce12b508dff"
            ],
            "version": "==0.17.4"
        },
        "packaging": {
            "hashes": [
                "sha256:29572ef2b1f17581046b3a2227d5c611fb25ec70ca1ba8554b24b0e69331a484",
                "sha256:d443872c98d677bf60f6a1f2f8c1cb748e8fe762d2bf9d3148b5599295b0fc4f"
            ],
            "markers": "python_version >= '3.8'",
            "version": "==25.0"
        },
        "pefile": {
            "hashes": [
                "sha256:82e6114004b3d6911c77c3953e3838654b04511b8b66e8583db70c65998017dc",
                "sha256:da185cd2af68c08a6cd4481f7325ed600a88f6a813bad9dea07ab3ef73d8d8d6"
            ],
            "markers": "python_full_version >= '3.6.0'",
            "version": "==2023.2.7"
        },
        "pyinstaller": {
            "hashes": [
                "sha256:0a48f55b85ff60f83169e10050f2759019cf1d06773ad1c4da3a411cd8751058",
                "sha256:53559fe1e041a234f2b4dcc3288ea8bdd57f7cad8a6644e422c27bb407f3edef",
                "sha256:6d5f8617f3650ff9ef893e2ab4ddbf3c0d23d0c602ef74b5df8fbef4607840c8",
                "sha256:73ba72e04fcece92e32518bbb1e1fb5ac2892677943dfdff38e01a06e8742851",
                "sha256:7fd1c785219a87ca747c21fa92f561b0d2926a7edc06d0a0fe37f3736e00bd7a",
                "sha256:b1752488248f7899281b17ca3238eefb5410521291371a686a4f5830f29f52b3",
                "sha256:b756ddb9007b8141c5476b553351f9d97559b8af5d07f9460869bfae02be26b0",
                "sha256:ba618a61627ee674d6d68e5de084ba17c707b59a4f2a856084b3999bdffbd3f0",
                "sha256:bc10eb1a787f99fea613509f55b902fbd2d8b73ff5f51ff245ea29a481d97d41",
                "sha256:c8b7ef536711617e12fef4673806198872033fa06fa92326ad7fd1d84a9fa454",
                "sha256:d0af8a401de792c233c32c44b16d065ca9ab8262ee0c906835c12bdebc992a64",
                "sha256:d1ebf84d02c51fed19b82a8abb4df536923abd55bb684d694e1356e4ae2a0ce5"
            ],
            "index": "pypi",
            "markers": "python_version < '3.15' and python_version >= '3.8'",
            "version": "==6.16.0"
        },
        "pyinstaller-hooks-contrib": {
            "hashes": [
                "sha256:56e972bdaad4e9af767ed47d132362d162112260cbe488c9da7fee01f228a5a6",
                "sha256:ccbfaa49399ef6b18486a165810155e5a8d4c59b41f20dc5da81af7482aaf038"
            ],
            "markers": "python_version >= '3.8'",
            "version": "==2025.9"
        },
        "pywin32-ctypes": {
            "hashes": [
                "sha256:8a1513379d709975552d202d942d9837758905c8d01eb82b8bcc30918929e7b8",
                "sha256:d162dc04946d704503b2edc4d55f3dba5c1d539ead017afa00142c38b9885755"
            ],
            "markers": "python_version >= '3.6'",
            "version": "==0.2.3"
        },
        "setuptools": {
            "hashes": [
                "sha256:062d34222ad13e0cc312a4c02d73f059e86a4acbfbdea8f8f76b28c99f306922",
                "sha256:f36b47402ecde768dbfafc46e8e4207b4360c654f1f3bb84475f0a28628fb19c"
            ],
            "markers": "python_version >= '3.9'",
            "version": "==80.9.0"
        },
        "wxpython": {
            "hashes": [
                "sha256:1771079f39cfe1fd52a2302bf7d59fad716b71cb5369c9423480b1a518a72afd",
                "sha256:20bdd73d51c4fcc9f026a059d95654aaf68540562faf23340a2224fdfa319798",
                "sha256:2d020c0b0db1869d58ee646afd9cc1276520a77a9d800d407927bfee35678970",
                "sha256:2eb123979c87bcb329e8a2452269d60ff8f9f651e9bf25c67579e53c4ebbae3c",
                "sha256:4842f9639869e455a032ef7471d974c0c8c8b7d9ba73327982d84b9d96537a08",
                "sha256:48a3efea46fe52891035c042c8481ed0a1a3b613f4eff38781f3a2e1951002a8",
                "sha256:4ff49e0a0dd08235f00c3df26a0644bc14197ecd8c2361fcea9a7a1dffc1c8db",
                "sha256:7e7c3baa2aab55f1c0a14fdd1b371f8ec0cff1cc2f6171497643f977b243f750",
                "sha256:83e45e4d5d139638260c2f23108a94cb8d40bd5eb714d41b1009452e4ec4229a",
                "sha256:88b7e8cbdb141ebb4e361cd6f3d5595160764f0c05d2d7e03506b53860eb01ab",
                "sha256:8b1c5f5c173a90c861f4f3453f2e066e29f258472c76d40f8e2ec16b0389971f",
                "sha256:95d390e0bf4bd8c4c1d77e2205887a5bc84e950e4f44719d66f8d14f59c777eb",
                "sha256:99478006f60ecf622ba55f8cda9177d3f2933f513589404a1e1c87eb8b0924b6",
                "sha256:a0a532ee6e6a3ce0d1fb2e223159d4b8ec42f8a844c852da936fb23cba6b9335",
                "sha256:a2ec6de12ad17ecc54ffd19d8158c6b3970fd817aca1f3231f57e9418c964df8",
                "sha256:a42807f84d504554a78bf7c4d0b8b18ec72de098b578bd4276bf5144b5a698ef",
                "sha256:ac29d594f5ed512d1c70b2bed799dd9158f904aa6a92365e48b561c1cbd7b009",
                "sha256:b0920fe193e2bbd90c6d3fbb9a8101f1276229638aff29f66bfe521901c3a0b8",
                "sha256:b2286456eedf8cddeb25adc375e5f4a201d35c8eee7dbb2fce1cb39acc06e809",
                "sha256:b86b0258074f4ec16b234274fa0c32c42e039124c9f6f36529091c9a00ebff4d",
                "sha256:bc96d4fb43d2e049f65831e1ab703eb617d26c9c112fdd6acd59ed1823a69870",
                "sha256:c333113be1fcb4e4252890b3e66af016f03432b2fe15b370f38f2a505f5daa74",
                "sha256:dae6d80067f64498e530d2c5f47c81f5f1a6f32e820b3b59f05062c1629ff97d",
                "sha256:e31e645ed4f0b048954f230f9a3d8dce84054fe9161f2f3ceeb2bbf176126424",
                "sha256:e82ab099df0b6c55bcfad198822648a6275bbb575ce09502a9085b290ec9852d",
                "sha256:ec7d264dbb2301fdb6ee7bbe722652b06ab1aa4b6e25a76cba99d8a38aea8855",
                "sha256:f48fe7b9f22c7733a06b5901559b5b7e4835fa852cbef0f620ffd0a0030aaf73",
                "sha256:f7b649542969c2221d2963695de11c74c12060e83d412f4017ba03e7787c9c5d",
                "sha256:fe83813241dfb94780f18dff1678d1ffd097116a8b8fea0272a332c387f69ef8"
            ],
            "index": "pypi",
            "markers": "python_version >= '3.9'",
            "version": "==4.2.4"
        }
    },
    "develop": {}
}
